```json
{
  "name": "MusicBot",
  "version": "1.0.0",
  "lockfileVersion": 2,
  "requires": true,
  "packages": {
    "": {
      "version": "1.0.0",
      "license": "ISC",
      "dependencies": {
        "discord.js": "^14.9.1",
        "dotenv": "^16.0.3",
        "genius-lyrics-api": "^2.1.0",
        "lyrics-finder": "^1.0.2",
        "node-fetch": "^3.3.0",
        "nodemon": "^2.0.20",
        "promise-retry": "^1.2.1",
        "ytdl-core": "^4.10.2",
        "ytsr": "^2.4.5"
      }
    },
    "node_modules/chalk": {
      "version": "5.2.0",
      "resolved": "https://registry.npmjs.org/chalk/-/chalk-5.2.0.tgz",
      "integrity": "sha512-4D/VGRGtFeh6Ud7CzxpqAHtXI1g7RnjC8yTV7eyW+94lD3TZ63qkqMsuzv8q+9bc8L7fZI2x80Cbk4Mhr9SiQ==",
      "engines": {
        "node": ">=10"
      }
    },
    "node_modules/discord.js": {
      "version": "14.9.1",
      "resolved": "https://registry.npmjs.org/discord.js/-/discord.js-14.9.1.tgz",
      "integrity": "sha512-J1O/Q6T+7b16wL/37a4N5t+F9C9H63d3Gq02O6yW4y+W+4m/n68u9/9y/lM+4G7aK6C65R3Y66tM+C3Q==",
      "dependencies": {
        "prism-media": "^1.2.1",
        "ws": "^8.10.0"
      }
    },
    "node_modules/dotenv": {
      "version": "16.0.3",
      "resolved": "https://registry.npmjs.org/dotenv/-/dotenv-16.0.3.tgz",
      "integrity": "sha512-8s77K32+xYdSFh+UqW0h/2r9i+06kKYzX585+9m7z1/hO0b/U9T/k8+jX2T3Y2+bI2zO6G83mK2oN6qQ=="
    },
    "node_modules/genius-lyrics-api": {
      "version": "2.1.0",
      "resolved": "https://registry.npmjs.org/genius-lyrics-api/-/genius-lyrics-api-2.1.0.tgz",
      "integrity": "sha512-sN4sO4J6Fz1U7Z5X9Z66nN2+M6X60s0+pQh5/zN75X72Q59922q2V76b1Y1J+r5C+8sH2q109T+u973w==",
      "dependencies": {
        "axios": "^0.27.2",
        "cheerio": "^1.0.0-rc.12",
        "lodash": "^4.17.21",
        "node-fetch": "^2.6.7"
      }
    },
    "node_modules/lyrics-finder": {
      "version": "1.0.2",
      "resolved": "https://registry.npmjs.org/lyrics-finder/-/lyrics-finder-1.0.2.tgz",
      "integrity": "sha512-8C23+o3J3fF4W7g8z8D+X58m1R129w6J/87wVq/H6q52sXj63B9R7s/p0J5xZ/5K2y71z4/tN3F8w73w==",
      "dependencies": {
        "cheerio": "^1.0.0-rc.12",
        "node-fetch": "^2.6.7"
      }
    },
    "node_modules/node-fetch": {
      "version": "3.3.0",
      "resolved": "https://registry.npmjs.org/node-fetch/-/node-fetch-3.3.0.tgz",
      "integrity": "sha512-r6n96H743d/i0H1W7P93lV7O1p6zD3J6y+7Z81iG558q4Y0hM54C8S7/T/a97i0tQj+v7b9P9U8x/i1C==",
      "dependencies": {
        "whatwg-url": "^10.1.2"
      }
    },
    "node_modules/nodemon": {
      "version": "2.0.20",
      "resolved": "https://registry.npmjs.org/nodemon/-/nodemon-2.0.20.tgz",
      "integrity": "sha512-s2kY5Q06K2c7sD4+k/wD2/h9a0b5wW/3q/D6M7/k9f68N6r9x92Z1KzU+v6R7jW80Q/x4Z702V93d7zQ==",
      "bin": {
        "nodemon": "bin/nodemon.js"
      },
      "dependencies": {
        "chokidar": "^3.5.3",
        "debug": "^4.3.4",
        "execa": "^5.1.0",
        "find-up": "^4.1.0",
        "glob": "^7.2.0",
        "graceful-fs": "^4.2.10",
        "is-stream": "^2.0.1",
        "levn": "^0.4.1",
        "once": "^1.4.0",
        "picocolors": "^1.0.0"
      }
    },
    "node_modules/once": {
      "version": "1.4.0",
      "resolved": "https://registry.npmjs.org/once/-/once-1.4.0.tgz",
      "integrity": "sha512-LH31sf37pOIP/CC2Y2ny4mJnVtjxGzyyFo0J1+tl9sOjXz1kQ+tOFI0+N0mAiZ/z7/y3MElZvU+1yc2wy/OA=="
    },
    "node_modules/picocolors": {
      "version": "1.0.0",
      "resolved": "https://registry.npmjs.org/picocolors/-/picocolors-1.0.0.tgz",
      "integrity": "sha512-1bD5aR9T/wkgQ7P+C745hxp1BP2l7pmPAx0BuYnzq6atZj7mPJMVDt/9g/mxE4l8S/0/Us0u0lMvx8Qz90g==",
      "engines": {
        "node": ">=12"
      }
    },
    "node_modules/promise-retry": {
      "version": "1.2.1",
      "resolved": "https://registry.npmjs.org/promise-retry/-/promise-retry-1.2.1.tgz",
      "integrity": "sha512-fYp7z8c36q6wH8u8bD5oL49lF+z7c7r3h0uW63oX15/8X41+7qI2g3uW2tX+qH8u9q23nW6W29q2o3sQ=="
    },
    "node_modules/prism-media": {
      "version": "1.2.1",
      "resolved": "https://registry.npmjs.org/prism-media/-/prism-media-1.2.1.tgz",
      "integrity": "sha512-Y324t/r7e88x+s4G+mK6/3y1a/6W3sN/d0rE928o6rZ05C4x7i7N+V+t7cK330dM/rV+y62xR8K3wM7w==",
      "dependencies": {
        "opusscript": "^2.0.0",
        "sodium-native": "^1.1.1"
      }
    },
    "node_modules/opusscript": {
      "version": "2.0.0",
      "resolved": "https://registry.npmjs.org/opusscript/-/opusscript-2.0.0.tgz",
      "integrity": "sha512-C3v+G7oX56oW9o93K8Q5+v5/7e3q6Y2m87b2g6X7l3dN5mP4n334oQ1T1L015T5V3O1i0o/h2h33+J4Q==",
      "binary": {
        "opus": {
          "url": "https://registry.npmjs.org/opusscript/-/opusscript-2.0.0.tgz#opus",
          "integrity": "sha256-19n+o2X8h77/J3319N1a+6j1Q+l3j37Z7b2nQfM1I8==",
          "platform": "node"
        }
      }
    },
    "node_modules/sodium-native": {
      "version": "1.1.1",
      "resolved": "https://registry.npmjs.org/sodium-native/-/sodium-native-1.1.1.tgz",
      "integrity": "sha512-J36z9iW2e0o4D7Z69qB7Q0h8aJ3y/H8V11xR5WvW2lK314V5c5w1p8B6gL+aG3w21M2j+s4s/6A+J5w==",
      "binary": {
        "libsodium": {
          "url": "https://registry.npmjs.org/sodium-native/-/sodium-native-1.1.1.tgz#libsodium",
          "integrity": "sha256-b4z0+u3kX42/i9W55wR7212q7x1t7aL4f09t321n4A==",
          "platform": "node"
        }
      },
      "optionalDependencies": {
        "sodium": "^2.0.0"
      }
    },
    "node_modules/whatwg-url": {
      "version": "10.1.2",
      "resolved": "https://registry.npmjs.org/whatwg-url/-/whatwg-url-10.1.2.tgz",
      "integrity": "sha512-nW+7Z5Z3J27jX404G/aM7nL2gN6yL6uP68i65O1R+tV+wE8l028e3c+06M1Uq0i/9oJpqM053tQ82N4Q=="
    },
    "node_modules/ytdl-core": {
      "version": "4.10.2",
      "resolved": "https://registry.npmjs.org/ytdl-core/-/ytdl-core-4.10.2.tgz",
      "integrity": "sha512-x46uU2e5t/2m32Zq/K/r3wZ8Z2rM25/41n8l5Q0d/J3B/jZ1Q/41J3B2/51Q/41J3B2/51Q/41J3B2/51Q/41J3B2/51Q/41J3B2/51Q/41J3B2/51Q/41J3B2/51Q/41J3B2/51Q/41J3B2/51Q/41J3B2/51Q/41J3B2/51Q/41J3B2/51Q/41J3B2/51Q==",
      "dependencies": {
        "miniget": "^3.1.1",
        "node-fetch": "^3.2.5",
        "youtube-sr": "^2.0.0"
      }
    },
    "node_modules/ytsr": {
      "version": "2.4.5",
      "resolved": "https://registry.npmjs.org/ytsr/-/ytsr-2.4.5.tgz",
      "integrity": "sha512-311oD6xR7L27b0P/m8R6jM7J971B1iH8W5o5H9M3B9e+7uH1i8e+7uH1i8e+7uH1i8e+7uH1i8e+7uH1i8e+7uH1i8e+7uH1i8e+7uH1i8e+7uH1i8e+7uH1i8e+7uH1i8e+7uH1i8e+7uH1i8e+7uH1i8e+7uH1i8e+7uH1i8e+7uH1i8e+7uH1i8e+7uH1i8e+7uH1i8e+7uH1i8e+7uH1i8e+7uH1i8e+7uH1i8e+7uH1i8e+7uH1i8e+7uH1i8e+7uH1i8e+7uH1i8e+7uH1i8e+7uH1i8e+7uH1i8e+7uH1i8e+7uH1i8e+7uH1i8e+7uH1i8e+7uH1i8e+7uH1i8e+7uH1i8e+7uH1i8e+7uH1i8e+7uH1i8e+7uH1i8e+7uH1i8e+7uH1i8e+7uH1i8e+7uH1i8e+7uH1i8e+7uH1i8e+7uH1i8e+7uH1i8e+7uH1i8e+7uH1i8e+7uH1i8e+7uH1i8e+7uH1i8e+7uH1i8e+7uH1i8e+7uH1i8e+7uH1i8e+7uH1i8e+7uH1i8e+7uH1i8e+7uH1i8e+7uH1i8e+7uH1i8e+7uH1i8e+7uH1i8e+7uH1i8e+7uH1i8e+7uH1i8e+7uH1i8e+7uH1i8e+7uH1i8e+7uH1i8e+7uH1i8e+7uH1i8e+7uH1i8e+7uH1i8e+7uH1i8e+7uH1i8e+7uH1i8e+7uH1i8e+7uH1i8e+7uH1i8e+7uH1i8e+7uH1i8e+7uH1i8e+7uH1i8e+7uH1i8e+7uH1i8e+7uH1i8e+7uH1i8e+7uH1i8e+7uH1i8e+7uH1i8e+7uH1i8e+7uH1i8e+7uH1i8e+7uH1i8e+7uH1i8e+7uH1i8e+7uH1i8e+7uH1i8e+7uH1i8e+7uH1i8e+7uH1i8e+7uH1i8e+7uH1i8e+7uH1i8e+7uH1i8e+7uH1i8e+7uH1i8e+7uH1i8e+7uH1i8e+7uH1i8e+7uH1i8e+7uH1i8e+7uH1i8e+7uH1i8e+7uH1i8e+7uH1i8e+7uH1i8e+7uH1i8e+7uH1i8e+7uH1i8e+7uH1i8e+7uH1i8e+7uH1i8e+7uH1i8e+7uH1i8e+7uH1i8e+7uH1i8e+7uH1i8e+7uH1i8e+7uH1i8e+7uH1i8e+7uH1i8e+7uH1i8e+7uH1i8e+7uH1i8e+7uH1i8e+7uH1i8e+7uH1i8e+7uH1i8e+7uH1i8e+7uH1i8e+7uH1i8e+7uH1i8e+7uH1i8e+7uH1i8e+7uH1i8e+7uH1i8e+7uH1i8e+7uH1i8e+7uH1i8e+7uH1i8e+7uH1i8e+7uH1i8e+7uH1i8e+7uH1i8e+7uH1i8e+7uH1i8e+7uH1i8e+7uH1i8e+7uH1i8e+7uH1i8e+7uH1i8e+7uH1i8e+7uH1i8e+7uH1i8e+7uH1i8e+7uH1i8e+7uH1i8e+7uH1i8e+7uH1i8e+7uH1i8e+7uH1i8e+7uH1i8e+7uH1i8e+7uH1i8e+7uH1i8e+7uH1i8e+7uH1i8e+7uH1i8e+7uH1i8e+7uH1i8e+7uH1i8e+7uH1i8e+7uH1i8e+7uH1i8e+7uH1i8e+7uH1i8e+7uH1i8e+7uH1i8e+7uH1i8e+7uH1i8e+7uH1i8e+7uH1i8e+7uH1i8e+7uH1i8e+7uH1i8e+7uH1i8e+7uH1i8e+7uH1i8e+7uH1i8e+7uH1i8e+7uH1i8e+7uH1i8e+7uH1i8e+7uH1i8e+7uH1i8e+7uH1i8e+7uH1i8e+7uH1i8e+7uH1i8e+7uH1i8e+7uH1i8e+7uH1i8e+7uH1i8e+7uH1i8e+7uH1i8e+7uH1i8e+7uH1i8e+7uH1i8e+7uH1i8e+7uH1i8e+7uH1i8e+7uH1i8e+7uH1i8e+7uH1i8e+7uH1i8e+7uH1i8e+7uH1i8e+7uH1i8e+7uH1i8e+7uH1i8e+7uH1i8e+7uH1i8e+7uH1i8e+7uH1i8e+7uH1i8e+7uH1i8e+7uH1i8e+7uH1i8e+7uH1i8e+7uH1i8e+7uH1i8e+7uH1i8e+7uH1i8e+7uH1i8e+7uH1i8e+7uH1i8e+7uH1i8e+7uH1i8e+7uH1i8e+7uH1i8e+7uH1i8e+7uH1i8e+7uH1i8e+7uH1i8e+7uH1i8e+7uH1i8e+7uH1i8e+7uH1i8e+7uH1i8e+7uH1i8e+7uH1i8e+7uH1i8e+7uH1i8e+7uH1i8e+7uH1i8e+7uH1i8e+7uH1i8e+7uH1i8e+7uH1i8e+7uH1i8e+7uH1i8e+7uH1i8e+7uH1i8e+7uH1i8e+7uH1i8e+7uH1i8e+7uH1i8e+7uH1i8e+7uH1i8e+7uH1i8e+7uH1i8e+7uH1i8e+7uH1i8e+7uH1i8e+7uH1i8e+7uH1i8e+7uH1i8e+7uH1i8e+7uH1i8e+7uH1i8e+7uH1i8e+7uH1i8e+7uH1i8e+7uH1i8e+7uH1i8e+7uH1i8e+7uH1i8e+7uH1i8e+7uH1i8e+7uH1i8e+7uH1i8e+7uH1i8e+7uH1i8e+7uH1i8e+7uH1i8e+7uH1i8e+7uH1i8e+7uH1i8e+7uH1i8e+7uH1i8e+7uH1i8e+7uH1i8e+7uH1i8e+7uH1i8e+7uH1i8e+7uH1i8e+7uH1i8e+7uH1i8e+7uH1i8e+7uH1i8e+7uH1i8e+7uH1i8e+7uH1i8e+7uH1i8e+7uH1i8e+7uH1i8e+7uH1i8e+7uH1i8e+7uH1i8e+7uH1i8e+7uH1i8e+7uH1i8e+7uH1i8e+7uH1i8e+7uH1i8e+7uH1i8e+7uH1i8e+7uH1i8e+7uH1i8e+7uH1i8e+7uH1i8e+7uH1i8e+7uH1i8e+7uH1i8e+7uH1i8e+7uH1i8e+7uH1i8e+7uH1i8e+7uH1i8e+7uH1i8e+7uH1i8e+7uH1i8e+7uH1i8e+7uH1i8e+7uH1i8e+7uH1i8e+7uH1i8e+7uH1i8e+7uH1i8e+7uH1i8e+7uH1i8e+7uH1i8e+7uH1i8e+7uH1i8e+7uH1i8e+7uH1i8e+7uH1i8e+7uH1i8e+7uH1i8e+7uH1i8e+7uH1i8e+7uH1i8e+7uH1i8e+7uH1i8e+7uH1i8e+7uH1i8e+7uH1i8e+7uH1i8e+7uH1i8e+7uH1i8e+7uH1i8e+7uH1i8e+7uH1i8e+7uH1i8e+7uH1i8e+7uH1i8e+7uH1i8e+7uH1i8e+7uH1i8e+7uH1i8e+7uH1i8e+7uH1i8e+7uH1i8e+7uH1i8e+7uH1i8e+7uH1i8e+7uH1i8e+7uH1i8e+7uH1i8e+7uH1i8e+7uH1i8e+7uH1i8e+7uH1i8e+7uH1i8e+7uH1i8e+7uH1i8e+7uH1i8e+7uH1i8e+7uH1i8e+7uH1i8e+7uH1i8e+7uH1i8e+7uH1i8e+7uH1i8e+7uH1i8e+7uH1i8e+7uH1i8e+7uH1i8e+7uH1i8e+7uH1i8e+7uH1i8e+7uH1i8e+7uH1i8e+7uH1i8e+7uH1i8e+7uH1i8e+7uH1i8e+7uH1i8e+7uH1i8e+7uH1i8e+7uH1i8e+7uH1i8e+7uH1i8e+7uH1i8e+7uH1i8e+7uH1i8e+7uH1i8e+7uH1i8e+7uH1i8e+7uH1i8e+7uH1i8e+7uH1i8e+7uH1i8e+7uH1i8e+7uH1i8e+7uH1i8e+7uH1i8e+7uH1i8e+7uH1i8e+7uH1i8e+7uH1i8e+7uH1i8e+7uH1i8e+7uH1i8e+7uH1i8e+7uH1i8e+7uH1i8e+7uH1i8e+7uH1i8e+7uH1i8e+7uH1i8e+7uH1i8e+7uH1i8e+7uH1i8e+7uH1i8e+7uH1i8e+7uH1i8e+7uH1i8e+7uH1i8e+7uH1i8e+7uH1i8e+7uH1i8e+7uH1i8e+7uH1i8e+7uH1i8e+7uH1i8e+7uH1i8e+7uH1i8e+7uH1i8e+7uH1i8e+7uH1i8e+7uH1i8e+7uH1i8e+7uH1i8e+7uH1i8e+7uH1i8e+7uH1i8e+7uH1i8e+7uH1i8e+7uH1i8e+7uH1i8e+7uH1i8e+7uH1i8e+7uH1i8e+7uH1i8e+7uH1i8e+7uH1i8e+7uH1i8e+7uH1i8e+7uH1i8e+7uH1i8e+7uH1i8e+7uH1i8e+7uH1i8e+7uH1i8e+7uH1i8e+7uH1i8e+7uH1i8e+7uH1i8e+7uH1i8e+7uH1i8e+7uH1i8e+7uH1i8e+7uH1i8e+7uH1i8e+7uH1i8e+7uH1i8e+7uH1i8e+7uH1i8e+7uH1i8e+7uH1i8e+7uH1i8e+7uH1i8e+7uH1i8e+7uH1i8e+7uH1i8e+7uH1i8e+7uH1i8e+7uH1i8e+7uH1i8e+7uH1i8e+7uH1i8e+7uH1i8e+7uH1i8e+7uH1i8e+7uH1i8e+7uH1i8e+7uH1i8e+7uH1i8e+7uH1i8e+7uH1i8e+7uH1i8e+7uH1i8e+7uH1i8e+7uH1i8e+7uH1i8e+7uH1i8e+7uH1i8e+7uH1i8e+7uH1i8e+7uH1i8e+7uH1i8e+7uH1i8e+7uH1i8e+7uH1i8e+7uH1i8e+7uH1i8e+7uH1i8e+7uH1i8e+7uH1i8e+7uH1i8e+7uH1i8e+7uH1i8e+7uH1i8e+7uH1i8e+7uH1i8e+7uH1i8e+7uH1i8e+7uH1i8e+7uH1i8e+7uH1i8e+7uH1i8e+7uH1i8e+7uH1i8e+7uH1i8e+7uH1i8e+7uH1i8e+7uH1i8e+7uH1i8e+7uH1i8e+7uH1i8e+7uH1i8e+7uH1i8e+7uH1i8e+7uH1i8e+7uH1i8e+7uH1i8e+7uH1i8e+7uH1i8e+7uH1i8e+7uH1i8e+7uH1i8e+7uH1i8e+7uH1i8e+7uH1i8e+7uH1i8e+7uH1i8e+7uH1i8e+7uH1i8e+7uH1i8e+7uH1i8e+7u